
Microsoft Visual Studio Solution File, Format Version 12.00
# Visual Studio 15
VisualStudioVersion = 15.0.26124.0
MinimumVisualStudioVersion = 15.0.26124.0
Project("{2150E333-8FDC-42A3-9474-1A3956D46DE8}") = "src", "src", "{E763D0CC-7611-4CCE-BB12-121E56A8482D}"
EndProject
Project("{FAE04EC0-301F-11D3-BF4B-00C04F79EFBC}") = "AbangiAPI", "src\AbangiAPI\AbangiAPI.csproj", "{D5DEAEA2-E807-465B-8EB7-A5D72B2B9CC6}"
EndProject
Project("{2150E333-8FDC-42A3-9474-1A3956D46DE8}") = "test", "test", "{E0B8CD6A-B1CA-48A1-821D-78416F52BBF2}"
EndProject
Project("{FAE04EC0-301F-11D3-BF4B-00C04F79EFBC}") = "AbangiAPI.Tests", "test\AbangiAPI.Tests\AbangiAPI.Tests.csproj", "{9A42CDE3-9B31-4997-BF76-78D03D458466}"
EndProject
Global
	GlobalSection(SolutionConfigurationPlatforms) = preSolution
		Debug|Any CPU = Debug|Any CPU
		Debug|x64 = Debug|x64
		Debug|x86 = Debug|x86
		Release|Any CPU = Release|Any CPU
		Release|x64 = Release|x64
		Release|x86 = Release|x86
	EndGlobalSection
	GlobalSection(SolutionProperties) = preSolution
		HideSolutionNode = FALSE
	EndGlobalSection
	GlobalSection(ProjectConfigurationPlatforms) = postSolution
		{D5DEAEA2-E807-465B-8EB7-A5D72B2B9CC6}.Debug|Any CPU.ActiveCfg = Debug|Any CPU
		{D5DEAEA2-E807-465B-8EB7-A5D72B2B9CC6}.Debug|Any CPU.Build.0 = Debug|Any CPU
		{D5DEAEA2-E807-465B-8EB7-A5D72B2B9CC6}.Debug|x64.ActiveCfg = Debug|Any CPU
		{D5DEAEA2-E807-465B-8EB7-A5D72B2B9CC6}.Debug|x64.Build.0 = Debug|Any CPU
		{D5DEAEA2-E807-465B-8EB7-A5D72B2B9CC6}.Debug|x86.ActiveCfg = Debug|Any CPU
		{D5DEAEA2-E807-465B-8EB7-A5D72B2B9CC6}.Debug|x86.Build.0 = Debug|Any CPU
		{D5DEAEA2-E807-465B-8EB7-A5D72B2B9CC6}.Release|Any CPU.ActiveCfg = Release|Any CPU
		{D5DEAEA2-E807-465B-8EB7-A5D72B2B9CC6}.Release|Any CPU.Build.0 = Release|Any CPU
		{D5DEAEA2-E807-465B-8EB7-A5D72B2B9CC6}.Release|x64.ActiveCfg = Release|Any CPU
		{D5DEAEA2-E807-465B-8EB7-A5D72B2B9CC6}.Release|x64.Build.0 = Release|Any CPU
		{D5DEAEA2-E807-465B-8EB7-A5D72B2B9CC6}.Release|x86.ActiveCfg = Release|Any CPU
		{D5DEAEA2-E807-465B-8EB7-A5D72B2B9CC6}.Release|x86.Build.0 = Release|Any CPU
		{9A42CDE3-9B31-4997-BF76-78D03D458466}.Debug|Any CPU.ActiveCfg = Debug|Any CPU
		{9A42CDE3-9B31-4997-BF76-78D03D458466}.Debug|Any CPU.Build.0 = Debug|Any CPU
		{9A42CDE3-9B31-4997-BF76-78D03D458466}.Debug|x64.ActiveCfg = Debug|Any CPU
		{9A42CDE3-9B31-4997-BF76-78D03D458466}.Debug|x64.Build.0 = Debug|Any CPU
		{9A42CDE3-9B31-4997-BF76-78D03D458466}.Debug|x86.ActiveCfg = Debug|Any CPU
		{9A42CDE3-9B31-4997-BF76-78D03D458466}.Debug|x86.Build.0 = Debug|Any CPU
		{9A42CDE3-9B31-4997-BF76-78D03D458466}.Release|Any CPU.ActiveCfg = Release|Any CPU
		{9A42CDE3-9B31-4997-BF76-78D03D458466}.Release|Any CPU.Build.0 = Release|Any CPU
		{9A42CDE3-9B31-4997-BF76-78D03D458466}.Release|x64.ActiveCfg = Release|Any CPU
		{9A42CDE3-9B31-4997-BF76-78D03D458466}.Release|x64.Build.0 = Release|Any CPU
		{9A42CDE3-9B31-4997-BF76-78D03D458466}.Release|x86.ActiveCfg = Release|Any CPU
		{9A42CDE3-9B31-4997-BF76-78D03D458466}.Release|x86.Build.0 = Release|Any CPU
	EndGlobalSection
	GlobalSection(NestedProjects) = preSolution
		{D5DEAEA2-E807-465B-8EB7-A5D72B2B9CC6} = {E763D0CC-7611-4CCE-BB12-121E56A8482D}
		{9A42CDE3-9B31-4997-BF76-78D03D458466} = {E0B8CD6A-B1CA-48A1-821D-78416F52BBF2}
	EndGlobalSection
EndGlobal
